
Microsoft Visual Studio Solution File, Format Version 12.00
# Visual Studio 15
VisualStudioVersion = 15.0.28307.852
MinimumVisualStudioVersion = 10.0.40219.1
Project("{9A19103F-16F7-4668-BE54-9A1E7A4F7556}") = "MoneyChanger.Design.Martin.Sun", "Design\Src\MoneyChanger.Design.Martin.Sun.csproj", "{10D8AA43-0141-4CC0-94FF-15D036DEEB4E}"
EndProject
Project("{9A19103F-16F7-4668-BE54-9A1E7A4F7556}") = "MoneyChanger.Martin.Sun", "Scenario\Src\MoneyChanger.Martin.Sun.csproj", "{8737DAC3-3B7F-44DA-B73F-4F13B985A3DE}"
EndProject
Project("{9A19103F-16F7-4668-BE54-9A1E7A4F7556}") = "MoneyChanger.Martin.Sun.Test", "Scenario\Src\Test\MoneyChanger.Martin.Sun.Test.csproj", "{8DE55BE6-D857-41E3-AAFE-CB2EDDE23FAE}"
EndProject
Global
	GlobalSection(SolutionConfigurationPlatforms) = preSolution
		Debug|Any CPU = Debug|Any CPU
		Release|Any CPU = Release|Any CPU
	EndGlobalSection
	GlobalSection(ProjectConfigurationPlatforms) = postSolution
		{10D8AA43-0141-4CC0-94FF-15D036DEEB4E}.Debug|Any CPU.ActiveCfg = Debug|Any CPU
		{10D8AA43-0141-4CC0-94FF-15D036DEEB4E}.Debug|Any CPU.Build.0 = Debug|Any CPU
		{10D8AA43-0141-4CC0-94FF-15D036DEEB4E}.Release|Any CPU.ActiveCfg = Release|Any CPU
		{10D8AA43-0141-4CC0-94FF-15D036DEEB4E}.Release|Any CPU.Build.0 = Release|Any CPU
		{8737DAC3-3B7F-44DA-B73F-4F13B985A3DE}.Debug|Any CPU.ActiveCfg = Debug|Any CPU
		{8737DAC3-3B7F-44DA-B73F-4F13B985A3DE}.Debug|Any CPU.Build.0 = Debug|Any CPU
		{8737DAC3-3B7F-44DA-B73F-4F13B985A3DE}.Release|Any CPU.ActiveCfg = Release|Any CPU
		{8737DAC3-3B7F-44DA-B73F-4F13B985A3DE}.Release|Any CPU.Build.0 = Release|Any CPU
		{8DE55BE6-D857-41E3-AAFE-CB2EDDE23FAE}.Debug|Any CPU.ActiveCfg = Debug|Any CPU
		{8DE55BE6-D857-41E3-AAFE-CB2EDDE23FAE}.Debug|Any CPU.Build.0 = Debug|Any CPU
		{8DE55BE6-D857-41E3-AAFE-CB2EDDE23FAE}.Release|Any CPU.ActiveCfg = Release|Any CPU
		{8DE55BE6-D857-41E3-AAFE-CB2EDDE23FAE}.Release|Any CPU.Build.0 = Release|Any CPU
	EndGlobalSection
	GlobalSection(SolutionProperties) = preSolution
		HideSolutionNode = FALSE
	EndGlobalSection
	GlobalSection(ExtensibilityGlobals) = postSolution
		SolutionGuid = {67DB9170-679B-4B1B-96EE-A9FC78BFA55D}
	EndGlobalSection
EndGlobal
