
Microsoft Visual Studio Solution File, Format Version 12.00
# Visual Studio 15
VisualStudioVersion = 15.0.28307.852
MinimumVisualStudioVersion = 10.0.40219.1
Project("{9A19103F-16F7-4668-BE54-9A1E7A4F7556}") = "MoneyChanger.Martin.Sun", "MoneyChanger.Martin.Sun.csproj", "{CDBB2E9F-9F61-45EA-BE19-932FA1D27B09}"
EndProject
Global
	GlobalSection(SolutionConfigurationPlatforms) = preSolution
		Debug|Any CPU = Debug|Any CPU
		Release|Any CPU = Release|Any CPU
	EndGlobalSection
	GlobalSection(ProjectConfigurationPlatforms) = postSolution
		{CDBB2E9F-9F61-45EA-BE19-932FA1D27B09}.Debug|Any CPU.ActiveCfg = Debug|Any CPU
		{CDBB2E9F-9F61-45EA-BE19-932FA1D27B09}.Debug|Any CPU.Build.0 = Debug|Any CPU
		{CDBB2E9F-9F61-45EA-BE19-932FA1D27B09}.Release|Any CPU.ActiveCfg = Release|Any CPU
		{CDBB2E9F-9F61-45EA-BE19-932FA1D27B09}.Release|Any CPU.Build.0 = Release|Any CPU
	EndGlobalSection
	GlobalSection(SolutionProperties) = preSolution
		HideSolutionNode = FALSE
	EndGlobalSection
	GlobalSection(ExtensibilityGlobals) = postSolution
		SolutionGuid = {6B977068-EC86-451F-B89C-47A19E67FED5}
	EndGlobalSection
EndGlobal
